
Microsoft Visual Studio Solution File, Format Version 12.00
# Visual Studio 15
VisualStudioVersion = 15.0.28307.757
MinimumVisualStudioVersion = 10.0.40219.1
Project("{FAE04EC0-301F-11D3-BF4B-00C04F79EFBC}") = "Generics_Repository_Pattern", "Generics_Repository_Pattern\Generics_Repository_Pattern.csproj", "{B9E9C307-F03D-4D09-A975-870F85D5AC58}"
EndProject
Global
	GlobalSection(SolutionConfigurationPlatforms) = preSolution
		Debug|Any CPU = Debug|Any CPU
		Release|Any CPU = Release|Any CPU
	EndGlobalSection
	GlobalSection(ProjectConfigurationPlatforms) = postSolution
		{B9E9C307-F03D-4D09-A975-870F85D5AC58}.Debug|Any CPU.ActiveCfg = Debug|Any CPU
		{B9E9C307-F03D-4D09-A975-870F85D5AC58}.Debug|Any CPU.Build.0 = Debug|Any CPU
		{B9E9C307-F03D-4D09-A975-870F85D5AC58}.Release|Any CPU.ActiveCfg = Release|Any CPU
		{B9E9C307-F03D-4D09-A975-870F85D5AC58}.Release|Any CPU.Build.0 = Release|Any CPU
	EndGlobalSection
	GlobalSection(SolutionProperties) = preSolution
		HideSolutionNode = FALSE
	EndGlobalSection
	GlobalSection(ExtensibilityGlobals) = postSolution
		SolutionGuid = {7B1F6506-5CAB-46E1-9B60-404DBD58B45C}
	EndGlobalSection
EndGlobal
